// !$*UTF8*$!
{
	archiveVersion = 1;
	classes = {
	};
	objectVersion = 55;
	objects = {

/* Begin PBXBuildFile section */
		86A39C4A2940D975000B1CDC /* AppDelegate.swift in Sources */ = {isa = PBXBuildFile; fileRef = 86A39C492940D975000B1CDC /* AppDelegate.swift */; };
		86A39C4C2940D975000B1CDC /* SceneDelegate.swift in Sources */ = {isa = PBXBuildFile; fileRef = 86A39C4B2940D975000B1CDC /* SceneDelegate.swift */; };
		86A39C4E2940D975000B1CDC /* ViewController.swift in Sources */ = {isa = PBXBuildFile; fileRef = 86A39C4D2940D975000B1CDC /* ViewController.swift */; };
		86A39C512940D975000B1CDC /* Main.storyboard in Resources */ = {isa = PBXBuildFile; fileRef = 86A39C4F2940D975000B1CDC /* Main.storyboard */; };
		86A39C532940D97A000B1CDC /* Assets.xcassets in Resources */ = {isa = PBXBuildFile; fileRef = 86A39C522940D97A000B1CDC /* Assets.xcassets */; };
		86A39C562940D97A000B1CDC /* LaunchScreen.storyboard in Resources */ = {isa = PBXBuildFile; fileRef = 86A39C542940D97A000B1CDC /* LaunchScreen.storyboard */; };
		86A39C612940D97A000B1CDC /* firstAppTests.swift in Sources */ = {isa = PBXBuildFile; fileRef = 86A39C602940D97A000B1CDC /* firstAppTests.swift */; };
		86A39C6B2940D97A000B1CDC /* firstAppUITests.swift in Sources */ = {isa = PBXBuildFile; fileRef = 86A39C6A2940D97A000B1CDC /* firstAppUITests.swift */; };
		86A39C6D2940D97A000B1CDC /* firstAppUITestsLaunchTests.swift in Sources */ = {isa = PBXBuildFile; fileRef = 86A39C6C2940D97A000B1CDC /* firstAppUITestsLaunchTests.swift */; };
/* End PBXBuildFile section */

/* Begin PBXContainerItemProxy section */
		86A39C5D2940D97A000B1CDC /* PBXContainerItemProxy */ = {
			isa = PBXContainerItemProxy;
			containerPortal = 86A39C3E2940D975000B1CDC /* Project object */;
			proxyType = 1;
			remoteGlobalIDString = 86A39C452940D975000B1CDC;
			remoteInfo = firstApp;
		};
		86A39C672940D97A000B1CDC /* PBXContainerItemProxy */ = {
			isa = PBXContainerItemProxy;
			containerPortal = 86A39C3E2940D975000B1CDC /* Project object */;
			proxyType = 1;
			remoteGlobalIDString = 86A39C452940D975000B1CDC;
			remoteInfo = firstApp;
		};
/* End PBXContainerItemProxy section */

/* Begin PBXFileReference section */
		86A39C462940D975000B1CDC /* firstApp.app */ = {isa = PBXFileReference; explicitFileType = wrapper.application; includeInIndex = 0; path = firstApp.app; sourceTree = BUILT_PRODUCTS_DIR; };
		86A39C492940D975000B1CDC /* AppDelegate.swift */ = {isa = PBXFileReference; lastKnownFileType = sourcecode.swift; path = AppDelegate.swift; sourceTree = "<group>"; };
		86A39C4B2940D975000B1CDC /* SceneDelegate.swift */ = {isa = PBXFileReference; lastKnownFileType = sourcecode.swift; path = SceneDelegate.swift; sourceTree = "<group>"; };
		86A39C4D2940D975000B1CDC /* ViewController.swift */ = {isa = PBXFileReference; lastKnownFileType = sourcecode.swift; path = ViewController.swift; sourceTree = "<group>"; };
		86A39C502940D975000B1CDC /* Base */ = {isa = PBXFileReference; lastKnownFileType = file.storyboard; name = Base; path = Base.lproj/Main.storyboard; sourceTree = "<group>"; };
		86A39C522940D97A000B1CDC /* Assets.xcassets */ = {isa = PBXFileReference; lastKnownFileType = folder.assetcatalog; path = Assets.xcassets; sourceTree = "<group>"; };
		86A39C552940D97A000B1CDC /* Base */ = {isa = PBXFileReference; lastKnownFileType = file.storyboard; name = Base; path = Base.lproj/LaunchScreen.storyboard; sourceTree = "<group>"; };
		86A39C572940D97A000B1CDC /* Info.plist */ = {isa = PBXFileReference; lastKnownFileType = text.plist.xml; path = Info.plist; sourceTree = "<group>"; };
		86A39C5C2940D97A000B1CDC /* firstAppTests.xctest */ = {isa = PBXFileReference; explicitFileType = wrapper.cfbundle; includeInIndex = 0; path = firstAppTests.xctest; sourceTree = BUILT_PRODUCTS_DIR; };
		86A39C602940D97A000B1CDC /* firstAppTests.swift */ = {isa = PBXFileReference; lastKnownFileType = sourcecode.swift; path = firstAppTests.swift; sourceTree = "<group>"; };
		86A39C662940D97A000B1CDC /* firstAppUITests.xctest */ = {isa = PBXFileReference; explicitFileType = wrapper.cfbundle; includeInIndex = 0; path = firstAppUITests.xctest; sourceTree = BUILT_PRODUCTS_DIR; };
		86A39C6A2940D97A000B1CDC /* firstAppUITests.swift */ = {isa = PBXFileReference; lastKnownFileType = sourcecode.swift; path = firstAppUITests.swift; sourceTree = "<group>"; };
		86A39C6C2940D97A000B1CDC /* firstAppUITestsLaunchTests.swift */ = {isa = PBXFileReference; lastKnownFileType = sourcecode.swift; path = firstAppUITestsLaunchTests.swift; sourceTree = "<group>"; };
/* End PBXFileReference section */

/* Begin PBXFrameworksBuildPhase section */
		86A39C432940D975000B1CDC /* Frameworks */ = {
			isa = PBXFrameworksBuildPhase;
			buildActionMask = 2147483647;
			files = (
			);
			runOnlyForDeploymentPostprocessing = 0;
		};
		86A39C592940D97A000B1CDC /* Frameworks */ = {
			isa = PBXFrameworksBuildPhase;
			buildActionMask = 2147483647;
			files = (
			);
			runOnlyForDeploymentPostprocessing = 0;
		};
		86A39C632940D97A000B1CDC /* Frameworks */ = {
			isa = PBXFrameworksBuildPhase;
			buildActionMask = 2147483647;
			files = (
			);
			runOnlyForDeploymentPostprocessing = 0;
		};
/* End PBXFrameworksBuildPhase section */

/* Begin PBXGroup section */
		86A39C3D2940D975000B1CDC = {
			isa = PBXGroup;
			children = (
				86A39C482940D975000B1CDC /* firstApp */,
				86A39C5F2940D97A000B1CDC /* firstAppTests */,
				86A39C692940D97A000B1CDC /* firstAppUITests */,
				86A39C472940D975000B1CDC /* Products */,
			);
			sourceTree = "<group>";
		};
		86A39C472940D975000B1CDC /* Products */ = {
			isa = PBXGroup;
			children = (
				86A39C462940D975000B1CDC /* firstApp.app */,
				86A39C5C2940D97A000B1CDC /* firstAppTests.xctest */,
				86A39C662940D97A000B1CDC /* firstAppUITests.xctest */,
			);
			name = Products;
			sourceTree = "<group>";
		};
		86A39C482940D975000B1CDC /* firstApp */ = {
			isa = PBXGroup;
			children = (
				86A39C492940D975000B1CDC /* AppDelegate.swift */,
				86A39C4B2940D975000B1CDC /* SceneDelegate.swift */,
				86A39C4D2940D975000B1CDC /* ViewController.swift */,
				86A39C4F2940D975000B1CDC /* Main.storyboard */,
				86A39C522940D97A000B1CDC /* Assets.xcassets */,
				86A39C542940D97A000B1CDC /* LaunchScreen.storyboard */,
				86A39C572940D97A000B1CDC /* Info.plist */,
			);
			path = firstApp;
			sourceTree = "<group>";
		};
		86A39C5F2940D97A000B1CDC /* firstAppTests */ = {
			isa = PBXGroup;
			children = (
				86A39C602940D97A000B1CDC /* firstAppTests.swift */,
			);
			path = firstAppTests;
			sourceTree = "<group>";
		};
		86A39C692940D97A000B1CDC /* firstAppUITests */ = {
			isa = PBXGroup;
			children = (
				86A39C6A2940D97A000B1CDC /* firstAppUITests.swift */,
				86A39C6C2940D97A000B1CDC /* firstAppUITestsLaunchTests.swift */,
			);
			path = firstAppUITests;
			sourceTree = "<group>";
		};
/* End PBXGroup section */

/* Begin PBXNativeTarget section */
		86A39C452940D975000B1CDC /* firstApp */ = {
			isa = PBXNativeTarget;
			buildConfigurationList = 86A39C702940D97A000B1CDC /* Build configuration list for PBXNativeTarget "firstApp" */;
			buildPhases = (
				86A39C422940D975000B1CDC /* Sources */,
				86A39C432940D975000B1CDC /* Frameworks */,
				86A39C442940D975000B1CDC /* Resources */,
			);
			buildRules = (
			);
			dependencies = (
			);
			name = firstApp;
			productName = firstApp;
			productReference = 86A39C462940D975000B1CDC /* firstApp.app */;
			productType = "com.apple.product-type.application";
		};
		86A39C5B2940D97A000B1CDC /* firstAppTests */ = {
			isa = PBXNativeTarget;
			buildConfigurationList = 86A39C732940D97A000B1CDC /* Build configuration list for PBXNativeTarget "firstAppTests" */;
			buildPhases = (
				86A39C582940D97A000B1CDC /* Sources */,
				86A39C592940D97A000B1CDC /* Frameworks */,
				86A39C5A2940D97A000B1CDC /* Resources */,
			);
			buildRules = (
			);
			dependencies = (
				86A39C5E2940D97A000B1CDC /* PBXTargetDependency */,
			);
			name = firstAppTests;
			productName = firstAppTests;
			productReference = 86A39C5C2940D97A000B1CDC /* firstAppTests.xctest */;
			productType = "com.apple.product-type.bundle.unit-test";
		};
		86A39C652940D97A000B1CDC /* firstAppUITests */ = {
			isa = PBXNativeTarget;
			buildConfigurationList = 86A39C762940D97A000B1CDC /* Build configuration list for PBXNativeTarget "firstAppUITests" */;
			buildPhases = (
				86A39C622940D97A000B1CDC /* Sources */,
				86A39C632940D97A000B1CDC /* Frameworks */,
				86A39C642940D97A000B1CDC /* Resources */,
			);
			buildRules = (
			);
			dependencies = (
				86A39C682940D97A000B1CDC /* PBXTargetDependency */,
			);
			name = firstAppUITests;
			productName = firstAppUITests;
			productReference = 86A39C662940D97A000B1CDC /* firstAppUITests.xctest */;
			productType = "com.apple.product-type.bundle.ui-testing";
		};
/* End PBXNativeTarget section */

/* Begin PBXProject section */
		86A39C3E2940D975000B1CDC /* Project object */ = {
			isa = PBXProject;
			attributes = {
				BuildIndependentTargetsInParallel = 1;
				LastSwiftUpdateCheck = 1340;
				LastUpgradeCheck = 1340;
				TargetAttributes = {
					86A39C452940D975000B1CDC = {
						CreatedOnToolsVersion = 13.4;
					};
					86A39C5B2940D97A000B1CDC = {
						CreatedOnToolsVersion = 13.4;
						TestTargetID = 86A39C452940D975000B1CDC;
					};
					86A39C652940D97A000B1CDC = {
						CreatedOnToolsVersion = 13.4;
						TestTargetID = 86A39C452940D975000B1CDC;
					};
				};
			};
			buildConfigurationList = 86A39C412940D975000B1CDC /* Build configuration list for PBXProject "firstApp" */;
			compatibilityVersion = "Xcode 13.0";
			developmentRegion = en;
			hasScannedForEncodings = 0;
			knownRegions = (
				en,
				Base,
			);
			mainGroup = 86A39C3D2940D975000B1CDC;
			productRefGroup = 86A39C472940D975000B1CDC /* Products */;
			projectDirPath = "";
			projectRoot = "";
			targets = (
				86A39C452940D975000B1CDC /* firstApp */,
				86A39C5B2940D97A000B1CDC /* firstAppTests */,
				86A39C652940D97A000B1CDC /* firstAppUITests */,
			);
		};
/* End PBXProject section */

/* Begin PBXResourcesBuildPhase section */
		86A39C442940D975000B1CDC /* Resources */ = {
			isa = PBXResourcesBuildPhase;
			buildActionMask = 2147483647;
			files = (
				86A39C562940D97A000B1CDC /* LaunchScreen.storyboard in Resources */,
				86A39C532940D97A000B1CDC /* Assets.xcassets in Resources */,
				86A39C512940D975000B1CDC /* Main.storyboard in Resources */,
			);
			runOnlyForDeploymentPostprocessing = 0;
		};
		86A39C5A2940D97A000B1CDC /* Resources */ = {
			isa = PBXResourcesBuildPhase;
			buildActionMask = 2147483647;
			files = (
			);
			runOnlyForDeploymentPostprocessing = 0;
		};
		86A39C642940D97A000B1CDC /* Resources */ = {
			isa = PBXResourcesBuildPhase;
			buildActionMask = 2147483647;
			files = (
			);
			runOnlyForDeploymentPostprocessing = 0;
		};
/* End PBXResourcesBuildPhase section */

/* Begin PBXSourcesBuildPhase section */
		86A39C422940D975000B1CDC /* Sources */ = {
			isa = PBXSourcesBuildPhase;
			buildActionMask = 2147483647;
			files = (
				86A39C4E2940D975000B1CDC /* ViewController.swift in Sources */,
				86A39C4A2940D975000B1CDC /* AppDelegate.swift in Sources */,
				86A39C4C2940D975000B1CDC /* SceneDelegate.swift in Sources */,
			);
			runOnlyForDeploymentPostprocessing = 0;
		};
		86A39C582940D97A000B1CDC /* Sources */ = {
			isa = PBXSourcesBuildPhase;
			buildActionMask = 2147483647;
			files = (
				86A39C612940D97A000B1CDC /* firstAppTests.swift in Sources */,
			);
			runOnlyForDeploymentPostprocessing = 0;
		};
		86A39C622940D97A000B1CDC /* Sources */ = {
			isa = PBXSourcesBuildPhase;
			buildActionMask = 2147483647;
			files = (
				86A39C6D2940D97A000B1CDC /* firstAppUITestsLaunchTests.swift in Sources */,
				86A39C6B2940D97A000B1CDC /* firstAppUITests.swift in Sources */,
			);
			runOnlyForDeploymentPostprocessing = 0;
		};
/* End PBXSourcesBuildPhase section */

/* Begin PBXTargetDependency section */
		86A39C5E2940D97A000B1CDC /* PBXTargetDependency */ = {
			isa = PBXTargetDependency;
			target = 86A39C452940D975000B1CDC /* firstApp */;
			targetProxy = 86A39C5D2940D97A000B1CDC /* PBXContainerItemProxy */;
		};
		86A39C682940D97A000B1CDC /* PBXTargetDependency */ = {
			isa = PBXTargetDependency;
			target = 86A39C452940D975000B1CDC /* firstApp */;
			targetProxy = 86A39C672940D97A000B1CDC /* PBXContainerItemProxy */;
		};
/* End PBXTargetDependency section */

/* Begin PBXVariantGroup section */
		86A39C4F2940D975000B1CDC /* Main.storyboard */ = {
			isa = PBXVariantGroup;
			children = (
				86A39C502940D975000B1CDC /* Base */,
			);
			name = Main.storyboard;
			sourceTree = "<group>";
		};
		86A39C542940D97A000B1CDC /* LaunchScreen.storyboard */ = {
			isa = PBXVariantGroup;
			children = (
				86A39C552940D97A000B1CDC /* Base */,
			);
			name = LaunchScreen.storyboard;
			sourceTree = "<group>";
		};
/* End PBXVariantGroup section */

/* Begin XCBuildConfiguration section */
		86A39C6E2940D97A000B1CDC /* Debug */ = {
			isa = XCBuildConfiguration;
			buildSettings = {
				ALWAYS_SEARCH_USER_PATHS = NO;
				CLANG_ANALYZER_NONNULL = YES;
				CLANG_ANALYZER_NUMBER_OBJECT_CONVERSION = YES_AGGRESSIVE;
				CLANG_CXX_LANGUAGE_STANDARD = "gnu++17";
				CLANG_ENABLE_MODULES = YES;
				CLANG_ENABLE_OBJC_ARC = YES;
				CLANG_ENABLE_OBJC_WEAK = YES;
				CLANG_WARN_BLOCK_CAPTURE_AUTORELEASING = YES;
				CLANG_WARN_BOOL_CONVERSION = YES;
				CLANG_WARN_COMMA = YES;
				CLANG_WARN_CONSTANT_CONVERSION = YES;
				CLANG_WARN_DEPRECATED_OBJC_IMPLEMENTATIONS = YES;
				CLANG_WARN_DIRECT_OBJC_ISA_USAGE = YES_ERROR;
				CLANG_WARN_DOCUMENTATION_COMMENTS = YES;
				CLANG_WARN_EMPTY_BODY = YES;
				CLANG_WARN_ENUM_CONVERSION = YES;
				CLANG_WARN_INFINITE_RECURSION = YES;
				CLANG_WARN_INT_CONVERSION = YES;
				CLANG_WARN_NON_LITERAL_NULL_CONVERSION = YES;
				CLANG_WARN_OBJC_IMPLICIT_RETAIN_SELF = YES;
				CLANG_WARN_OBJC_LITERAL_CONVERSION = YES;
				CLANG_WARN_OBJC_ROOT_CLASS = YES_ERROR;
				CLANG_WARN_QUOTED_INCLUDE_IN_FRAMEWORK_HEADER = YES;
				CLANG_WARN_RANGE_LOOP_ANALYSIS = YES;
				CLANG_WARN_STRICT_PROTOTYPES = YES;
				CLANG_WARN_SUSPICIOUS_MOVE = YES;
				CLANG_WARN_UNGUARDED_AVAILABILITY = YES_AGGRESSIVE;
				CLANG_WARN_UNREACHABLE_CODE = YES;
				CLANG_WARN__DUPLICATE_METHOD_MATCH = YES;
				COPY_PHASE_STRIP = NO;
				DEBUG_INFORMATION_FORMAT = dwarf;
				ENABLE_STRICT_OBJC_MSGSEND = YES;
				ENABLE_TESTABILITY = YES;
				GCC_C_LANGUAGE_STANDARD = gnu11;
				GCC_DYNAMIC_NO_PIC = NO;
				GCC_NO_COMMON_BLOCKS = YES;
				GCC_OPTIMIZATION_LEVEL = 0;
				GCC_PREPROCESSOR_DEFINITIONS = (
					"DEBUG=1",
					"$(inherited)",
				);
				GCC_WARN_64_TO_32_BIT_CONVERSION = YES;
				GCC_WARN_ABOUT_RETURN_TYPE = YES_ERROR;
				GCC_WARN_UNDECLARED_SELECTOR = YES;
				GCC_WARN_UNINITIALIZED_AUTOS = YES_AGGRESSIVE;
				GCC_WARN_UNUSED_FUNCTION = YES;
				GCC_WARN_UNUSED_VARIABLE = YES;
				IPHONEOS_DEPLOYMENT_TARGET = 15.5;
				MTL_ENABLE_DEBUG_INFO = INCLUDE_SOURCE;
				MTL_FAST_MATH = YES;
				ONLY_ACTIVE_ARCH = YES;
				SDKROOT = iphoneos;
				SWIFT_ACTIVE_COMPILATION_CONDITIONS = DEBUG;
				SWIFT_OPTIMIZATION_LEVEL = "-Onone";
			};
			name = Debug;
		};
		86A39C6F2940D97A000B1CDC /* Release */ = {
			isa = XCBuildConfiguration;
			buildSettings = {
				ALWAYS_SEARCH_USER_PATHS = NO;
				CLANG_ANALYZER_NONNULL = YES;
				CLANG_ANALYZER_NUMBER_OBJECT_CONVERSION = YES_AGGRESSIVE;
				CLANG_CXX_LANGUAGE_STANDARD = "gnu++17";
				CLANG_ENABLE_MODULES = YES;
				CLANG_ENABLE_OBJC_ARC = YES;
				CLANG_ENABLE_OBJC_WEAK = YES;
				CLANG_WARN_BLOCK_CAPTURE_AUTORELEASING = YES;
				CLANG_WARN_BOOL_CONVERSION = YES;
				CLANG_WARN_COMMA = YES;
				CLANG_WARN_CONSTANT_CONVERSION = YES;
				CLANG_WARN_DEPRECATED_OBJC_IMPLEMENTATIONS = YES;
				CLANG_WARN_DIRECT_OBJC_ISA_USAGE = YES_ERROR;
				CLANG_WARN_DOCUMENTATION_COMMENTS = YES;
				CLANG_WARN_EMPTY_BODY = YES;
				CLANG_WARN_ENUM_CONVERSION = YES;
				CLANG_WARN_INFINITE_RECURSION = YES;
				CLANG_WARN_INT_CONVERSION = YES;
				CLANG_WARN_NON_LITERAL_NULL_CONVERSION = YES;
				CLANG_WARN_OBJC_IMPLICIT_RETAIN_SELF = YES;
				CLANG_WARN_OBJC_LITERAL_CONVERSION = YES;
				CLANG_WARN_OBJC_ROOT_CLASS = YES_ERROR;
				CLANG_WARN_QUOTED_INCLUDE_IN_FRAMEWORK_HEADER = YES;
				CLANG_WARN_RANGE_LOOP_ANALYSIS = YES;
				CLANG_WARN_STRICT_PROTOTYPES = YES;
				CLANG_WARN_SUSPICIOUS_MOVE = YES;
				CLANG_WARN_UNGUARDED_AVAILABILITY = YES_AGGRESSIVE;
				CLANG_WARN_UNREACHABLE_CODE = YES;
				CLANG_WARN__DUPLICATE_METHOD_MATCH = YES;
				COPY_PHASE_STRIP = NO;
				DEBUG_INFORMATION_FORMAT = "dwarf-with-dsym";
				ENABLE_NS_ASSERTIONS = NO;
				ENABLE_STRICT_OBJC_MSGSEND = YES;
				GCC_C_LANGUAGE_STANDARD = gnu11;
				GCC_NO_COMMON_BLOCKS = YES;
				GCC_WARN_64_TO_32_BIT_CONVERSION = YES;
				GCC_WARN_ABOUT_RETURN_TYPE = YES_ERROR;
				GCC_WARN_UNDECLARED_SELECTOR = YES;
				GCC_WARN_UNINITIALIZED_AUTOS = YES_AGGRESSIVE;
				GCC_WARN_UNUSED_FUNCTION = YES;
				GCC_WARN_UNUSED_VARIABLE = YES;
				IPHONEOS_DEPLOYMENT_TARGET = 15.5;
				MTL_ENABLE_DEBUG_INFO = NO;
				MTL_FAST_MATH = YES;
				SDKROOT = iphoneos;
				SWIFT_COMPILATION_MODE = wholemodule;
				SWIFT_OPTIMIZATION_LEVEL = "-O";
				VALIDATE_PRODUCT = YES;
			};
			name = Release;
		};
		86A39C712940D97A000B1CDC /* Debug */ = {
			isa = XCBuildConfiguration;
			buildSettings = {
				ASSETCATALOG_COMPILER_APPICON_NAME = AppIcon;
				ASSETCATALOG_COMPILER_GLOBAL_ACCENT_COLOR_NAME = AccentColor;
				CODE_SIGN_STYLE = Automatic;
				CURRENT_PROJECT_VERSION = 1;
				GENERATE_INFOPLIST_FILE = YES;
				INFOPLIST_FILE = firstApp/Info.plist;
				INFOPLIST_KEY_UIApplicationSupportsIndirectInputEvents = YES;
				INFOPLIST_KEY_UILaunchStoryboardName = LaunchScreen;
				INFOPLIST_KEY_UIMainStoryboardFile = Main;
				INFOPLIST_KEY_UISupportedInterfaceOrientations_iPad = "UIInterfaceOrientationPortrait UIInterfaceOrientationPortraitUpsideDown UIInterfaceOrientationLandscapeLeft UIInterfaceOrientationLandscapeRight";
				INFOPLIST_KEY_UISupportedInterfaceOrientations_iPhone = "UIInterfaceOrientationPortrait UIInterfaceOrientationLandscapeLeft UIInterfaceOrientationLandscapeRight";
				LD_RUNPATH_SEARCH_PATHS = (
					"$(inherited)",
					"@executable_path/Frameworks",
				);
				MARKETING_VERSION = 1.0;
				PRODUCT_BUNDLE_IDENTIFIER = "-.firstApp";
				PRODUCT_NAME = "$(TARGET_NAME)";
				SWIFT_EMIT_LOC_STRINGS = YES;
				SWIFT_VERSION = 5.0;
				TARGETED_DEVICE_FAMILY = 1;
			};
			name = Debug;
		};
		86A39C722940D97A000B1CDC /* Release */ = {
			isa = XCBuildConfiguration;
			buildSettings = {
				ASSETCATALOG_COMPILER_APPICON_NAME = AppIcon;
				ASSETCATALOG_COMPILER_GLOBAL_ACCENT_COLOR_NAME = AccentColor;
				CODE_SIGN_STYLE = Automatic;
				CURRENT_PROJECT_VERSION = 1;
				GENERATE_INFOPLIST_FILE = YES;
				INFOPLIST_FILE = firstApp/Info.plist;
				INFOPLIST_KEY_UIApplicationSupportsIndirectInputEvents = YES;
				INFOPLIST_KEY_UILaunchStoryboardName = LaunchScreen;
				INFOPLIST_KEY_UIMainStoryboardFile = Main;
				INFOPLIST_KEY_UISupportedInterfaceOrientations_iPad = "UIInterfaceOrientationPortrait UIInterfaceOrientationPortraitUpsideDown UIInterfaceOrientationLandscapeLeft UIInterfaceOrientationLandscapeRight";
				INFOPLIST_KEY_UISupportedInterfaceOrientations_iPhone = "UIInterfaceOrientationPortrait UIInterfaceOrientationLandscapeLeft UIInterfaceOrientationLandscapeRight";
				LD_RUNPATH_SEARCH_PATHS = (
					"$(inherited)",
					"@executable_path/Frameworks",
				);
				MARKETING_VERSION = 1.0;
				PRODUCT_BUNDLE_IDENTIFIER = "-.firstApp";
				PRODUCT_NAME = "$(TARGET_NAME)";
				SWIFT_EMIT_LOC_STRINGS = YES;
				SWIFT_VERSION = 5.0;
				TARGETED_DEVICE_FAMILY = 1;
			};
			name = Release;
		};
		86A39C742940D97A000B1CDC /* Debug */ = {
			isa = XCBuildConfiguration;
			buildSettings = {
				ALWAYS_EMBED_SWIFT_STANDARD_LIBRARIES = YES;
				BUNDLE_LOADER = "$(TEST_HOST)";
				CODE_SIGN_STYLE = Automatic;
				CURRENT_PROJECT_VERSION = 1;
				GENERATE_INFOPLIST_FILE = YES;
				IPHONEOS_DEPLOYMENT_TARGET = 15.5;
				MARKETING_VERSION = 1.0;
				PRODUCT_BUNDLE_IDENTIFIER = "-.firstAppTests";
				PRODUCT_NAME = "$(TARGET_NAME)";
				SWIFT_EMIT_LOC_STRINGS = NO;
				SWIFT_VERSION = 5.0;
				TARGETED_DEVICE_FAMILY = "1,2";
				TEST_HOST = "$(BUILT_PRODUCTS_DIR)/firstApp.app/firstApp";
			};
			name = Debug;
		};
		86A39C752940D97A000B1CDC /* Release */ = {
			isa = XCBuildConfiguration;
			buildSettings = {
				ALWAYS_EMBED_SWIFT_STANDARD_LIBRARIES = YES;
				BUNDLE_LOADER = "$(TEST_HOST)";
				CODE_SIGN_STYLE = Automatic;
				CURRENT_PROJECT_VERSION = 1;
				GENERATE_INFOPLIST_FILE = YES;
				IPHONEOS_DEPLOYMENT_TARGET = 15.5;
				MARKETING_VERSION = 1.0;
				PRODUCT_BUNDLE_IDENTIFIER = "-.firstAppTests";
				PRODUCT_NAME = "$(TARGET_NAME)";
				SWIFT_EMIT_LOC_STRINGS = NO;
				SWIFT_VERSION = 5.0;
				TARGETED_DEVICE_FAMILY = "1,2";
				TEST_HOST = "$(BUILT_PRODUCTS_DIR)/firstApp.app/firstApp";
			};
			name = Release;
		};
		86A39C772940D97A000B1CDC /* Debug */ = {
			isa = XCBuildConfiguration;
			buildSettings = {
				ALWAYS_EMBED_SWIFT_STANDARD_LIBRARIES = YES;
				CODE_SIGN_STYLE = Automatic;
				CURRENT_PROJECT_VERSION = 1;
				GENERATE_INFOPLIST_FILE = YES;
				MARKETING_VERSION = 1.0;
				PRODUCT_BUNDLE_IDENTIFIER = "-.firstAppUITests";
				PRODUCT_NAME = "$(TARGET_NAME)";
				SWIFT_EMIT_LOC_STRINGS = NO;
				SWIFT_VERSION = 5.0;
				TARGETED_DEVICE_FAMILY = "1,2";
				TEST_TARGET_NAME = firstApp;
			};
			name = Debug;
		};
		86A39C782940D97A000B1CDC /* Release */ = {
			isa = XCBuildConfiguration;
			buildSettings = {
				ALWAYS_EMBED_SWIFT_STANDARD_LIBRARIES = YES;
				CODE_SIGN_STYLE = Automatic;
				CURRENT_PROJECT_VERSION = 1;
				GENERATE_INFOPLIST_FILE = YES;
				MARKETING_VERSION = 1.0;
				PRODUCT_BUNDLE_IDENTIFIER = "-.firstAppUITests";
				PRODUCT_NAME = "$(TARGET_NAME)";
				SWIFT_EMIT_LOC_STRINGS = NO;
				SWIFT_VERSION = 5.0;
				TARGETED_DEVICE_FAMILY = "1,2";
				TEST_TARGET_NAME = firstApp;
			};
			name = Release;
		};
/* End XCBuildConfiguration section */

/* Begin XCConfigurationList section */
		86A39C412940D975000B1CDC /* Build configuration list for PBXProject "firstApp" */ = {
			isa = XCConfigurationList;
			buildConfigurations = (
				86A39C6E2940D97A000B1CDC /* Debug */,
				86A39C6F2940D97A000B1CDC /* Release */,
			);
			defaultConfigurationIsVisible = 0;
			defaultConfigurationName = Release;
		};
		86A39C702940D97A000B1CDC /* Build configuration list for PBXNativeTarget "firstApp" */ = {
			isa = XCConfigurationList;
			buildConfigurations = (
				86A39C712940D97A000B1CDC /* Debug */,
				86A39C722940D97A000B1CDC /* Release */,
			);
			defaultConfigurationIsVisible = 0;
			defaultConfigurationName = Release;
		};
		86A39C732940D97A000B1CDC /* Build configuration list for PBXNativeTarget "firstAppTests" */ = {
			isa = XCConfigurationList;
			buildConfigurations = (
				86A39C742940D97A000B1CDC /* Debug */,
				86A39C752940D97A000B1CDC /* Release */,
			);
			defaultConfigurationIsVisible = 0;
			defaultConfigurationName = Release;
		};
		86A39C762940D97A000B1CDC /* Build configuration list for PBXNativeTarget "firstAppUITests" */ = {
			isa = XCConfigurationList;
			buildConfigurations = (
				86A39C772940D97A000B1CDC /* Debug */,
				86A39C782940D97A000B1CDC /* Release */,
			);
			defaultConfigurationIsVisible = 0;
			defaultConfigurationName = Release;
		};
/* End XCConfigurationList section */
	};
	rootObject = 86A39C3E2940D975000B1CDC /* Project object */;
}
